<?xml version="1.0" encoding="utf-8"?>
<Project ToolsVersion="4.0" xmlns="http://schemas.microsoft.com/developer/msbuild/2003">
  <ItemGroup>
    <Filter Include="Source Files">
      <UniqueIdentifier>{4FC737F1-C7A5-4376-A066-2A32D752A2FF}</UniqueIdentifier>
      <Extensions>cpp;c;cc;cxx;c++;cppm;ixx;def;odl;idl;hpj;bat;asm;asmx</Extensions>
    </Filter>
    <Filter Include="Header Files">
      <UniqueIdentifier>{93995380-89BD-4b04-88EB-625FBE52EBFB}</UniqueIdentifier>
      <Extensions>h;hh;hpp;hxx;h++;hm;inl;inc;ipp;xsd</Extensions>
    </Filter>
    <Filter Include="Resource Files">
      <UniqueIdentifier>{67DA6AB6-F800-4c08-8B7A-83BB121AAD01}</UniqueIdentifier>
      <Extensions>rc;ico;cur;bmp;dlg;rc2;rct;bin;rgs;gif;jpg;jpeg;jpe;resx;tiff;tif;png;wav;mfcribbon-ms</Extensions>
    </Filter>
  </ItemGroup>
  <ItemGroup>
    <ClInclude Include="tauler.hpp">
      <Filter>Header Files</Filter>
    </ClInclude>
    <ClInclude Include="Fitxa.h">
      <Filter>Header Files</Filter>
    </ClInclude>
    <ClInclude Include="Moviment.h">
      <Filter>Header Files</Filter>
    </ClInclude>
    <ClInclude Include="Posicio.h">
      <Filter>Header Files</Filter>
    </ClInclude>
    <ClInclude Include="json.hpp">
      <Filter>Header Files</Filter>
    </ClInclude>
  </ItemGroup>
  <ItemGroup>
    <ClCompile Include="Fitxa.cpp">
      <Filter>Source Files</Filter>
    </ClCompile>
    <ClCompile Include="Moviment.cpp">
      <Filter>Source Files</Filter>
    </ClCompile>
    <ClCompile Include="Posicio.cpp">
      <Filter>Source Files</Filter>
    </ClCompile>
    <ClCompile Include="test.cpp">
      <Filter>Source Files</Filter>
    </ClCompile>
  </ItemGroup>
  <ItemGroup>
    <Text Include="tauler_inicial_1.txt">
      <Filter>Resource Files</Filter>
    </Text>
    <Text Include="tauler_inicial_2.txt">
      <Filter>Resource Files</Filter>
    </Text>
    <Text Include="tauler_moviment_fitxa_1.txt">
      <Filter>Resource Files</Filter>
    </Text>
    <Text Include="tauler_moviment_fitxa_2.txt">
      <Filter>Resource Files</Filter>
    </Text>
    <Text Include="tauler_moviment_fitxa_5.txt">
      <Filter>Resource Files</Filter>
    </Text>
    <Text Include="tauler_moviment_fitxa_9.txt">
      <Filter>Resource Files</Filter>
    </Text>
    <Text Include="tauler_moviment_fitxa_resultat_3.txt">
      <Filter>Resource Files</Filter>
    </Text>
    <Text Include="tauler_moviment_fitxa_resultat_5.txt">
      <Filter>Resource Files</Filter>
    </Text>
    <Text Include="tauler_moviment_fitxa_resultat_2.txt">
      <Filter>Resource Files</Filter>
    </Text>
    <Text Include="tauler_moviment_fitxa_resultat_4.txt">
      <Filter>Resource Files</Filter>
    </Text>
    <Text Include="tauler_moviment_fitxa_resultat_6.txt">
      <Filter>Resource Files</Filter>
    </Text>
    <Text Include="tauler_moviment_fitxa_resultat_1.txt">
      <Filter>Resource Files</Filter>
    </Text>
    <Text Include="tauler_moviment_fitxa_10.txt">
      <Filter>Resource Files</Filter>
    </Text>
    <Text Include="tauler_moviment_fitxa_7.txt">
      <Filter>Resource Files</Filter>
    </Text>
    <Text Include="tauler_moviment_fitxa_8.txt">
      <Filter>Resource Files</Filter>
    </Text>
    <Text Include="tauler_moviment_fitxa_6.txt">
      <Filter>Resource Files</Filter>
    </Text>
    <Text Include="tauler_moviment_fitxa_4.txt">
      <Filter>Resource Files</Filter>
    </Text>
    <Text Include="tauler_moviment_fitxa_resultat_7.txt">
      <Filter>Resource Files</Filter>
    </Text>
    <Text Include="tauler_moviment_fitxa_resultat_9.txt">
      <Filter>Resource Files</Filter>
    </Text>
    <Text Include="tauler_moviment_fitxa_resultat_8.txt">
      <Filter>Resource Files</Filter>
    </Text>
    <Text Include="tauler_moviment_fitxa_resultat_10.txt">
      <Filter>Resource Files</Filter>
    </Text>
    <Text Include="tauler_moviments_valids.txt">
      <Filter>Resource Files</Filter>
    </Text>
    <Text Include="tauler_moviment_fitxa_3.txt">
      <Filter>Resource Files</Filter>
    </Text>
    <Text Include="FitxerTauler.txt">
      <Filter>Resource Files</Filter>
    </Text>
  </ItemGroup>
</Project>